# This file is @generated by PDM.
# It is not intended for manual editing.

[metadata]
groups = ["default"]
strategy = ["inherit_metadata"]
lock_version = "4.5.0"
content_hash = "sha256:ee982cc0c4f3df8a8794aea9e9e85a761702d450a81e9e7329514865bc8ef79c"

[[metadata.targets]]
requires_python = ">=3.12"

[[package]]
name = "comtypes"
version = "1.4.16"
requires_python = ">=3.9"
summary = "Pure Python COM package"
groups = ["default"]
files = [
    {file = "comtypes-1.4.16-py3-none-any.whl", hash = "sha256:e18d85179ff12955524c5a8c3bc09cb3c0d890f1da4d7123d14244c7b78f84c8"},
    {file = "comtypes-1.4.16.tar.gz", hash = "sha256:cd66d1add01265cface4df51ba1e31cd1657e04463c281c802e737e79e1ba93c"},
]

[[package]]
name = "uiautomation"
version = "2.0.29"
summary = "Python UIAutomation for Windows"
groups = ["default"]
dependencies = [
    "comtypes>=1.2.1",
]
files = [
    {file = "uiautomation-2.0.29-py3-none-any.whl", hash = "sha256:5dd51c9e77e70470142a13d903be67f256c445e7cf20b47ada0ece2bdaff9f32"},
    {file = "uiautomation-2.0.29.tar.gz", hash = "sha256:3c169112043ce21065aead1d79c3baebdafc9cf03bd24ded02b2db11d423d88d"},
]
